
Microsoft Visual Studio Solution File, Format Version 12.00
Project("{FAE04EC0-301F-11D3-BF4B-00C04F79EFBC}") = "Overflow.AppHost", "Overflow.AppHost\Overflow.AppHost.csproj", "{F126B3C8-B966-4340-A858-DFE65564A18D}"
EndProject
Project("{FAE04EC0-301F-11D3-BF4B-00C04F79EFBC}") = "Overflow.ServiceDefaults", "Overflow.ServiceDefaults\Overflow.ServiceDefaults.csproj", "{3FC2D265-F8CA-4486-BFBA-A7B4CE733A68}"
EndProject
Project("{2150E333-8FDC-42A3-9474-1A3956D46DE8}") = "services", "services", "{374D17B2-E80C-4CB0-9505-0BDB2E3C6478}"
EndProject
Project("{FAE04EC0-301F-11D3-BF4B-00C04F79EFBC}") = "QuestionService", "QuestionService\QuestionService.csproj", "{E4F6FD37-4447-4052-805B-F0FE17B5ECAF}"
EndProject
Project("{FAE04EC0-301F-11D3-BF4B-00C04F79EFBC}") = "SearchService", "SearchService\SearchService.csproj", "{9E5271F8-EA2B-471C-BA24-7BA9A4C8D32D}"
EndProject
Project("{2150E333-8FDC-42A3-9474-1A3956D46DE8}") = "common", "common", "{4CCFE782-2465-4866-AA2E-04AEFC740F8B}"
EndProject
Project("{FAE04EC0-301F-11D3-BF4B-00C04F79EFBC}") = "Contracts", "Contracts\Contracts.csproj", "{E0087BC7-FC25-4E74-867B-63A076E706E6}"
EndProject
Project("{FAE04EC0-301F-11D3-BF4B-00C04F79EFBC}") = "Common", "Common\Common.csproj", "{0BE9F83B-36D3-45E5-B4C8-0326892654F3}"
EndProject
Global
	GlobalSection(SolutionConfigurationPlatforms) = preSolution
		Debug|Any CPU = Debug|Any CPU
		Debug|x64 = Debug|x64
		Debug|x86 = Debug|x86
		Release|Any CPU = Release|Any CPU
		Release|x64 = Release|x64
		Release|x86 = Release|x86
	EndGlobalSection
	GlobalSection(ProjectConfigurationPlatforms) = postSolution
		{F126B3C8-B966-4340-A858-DFE65564A18D}.Debug|Any CPU.ActiveCfg = Debug|Any CPU
		{F126B3C8-B966-4340-A858-DFE65564A18D}.Debug|Any CPU.Build.0 = Debug|Any CPU
		{F126B3C8-B966-4340-A858-DFE65564A18D}.Debug|x64.ActiveCfg = Debug|Any CPU
		{F126B3C8-B966-4340-A858-DFE65564A18D}.Debug|x64.Build.0 = Debug|Any CPU
		{F126B3C8-B966-4340-A858-DFE65564A18D}.Debug|x86.ActiveCfg = Debug|Any CPU
		{F126B3C8-B966-4340-A858-DFE65564A18D}.Debug|x86.Build.0 = Debug|Any CPU
		{F126B3C8-B966-4340-A858-DFE65564A18D}.Release|Any CPU.ActiveCfg = Release|Any CPU
		{F126B3C8-B966-4340-A858-DFE65564A18D}.Release|Any CPU.Build.0 = Release|Any CPU
		{F126B3C8-B966-4340-A858-DFE65564A18D}.Release|x64.ActiveCfg = Release|Any CPU
		{F126B3C8-B966-4340-A858-DFE65564A18D}.Release|x64.Build.0 = Release|Any CPU
		{F126B3C8-B966-4340-A858-DFE65564A18D}.Release|x86.ActiveCfg = Release|Any CPU
		{F126B3C8-B966-4340-A858-DFE65564A18D}.Release|x86.Build.0 = Release|Any CPU
		{3FC2D265-F8CA-4486-BFBA-A7B4CE733A68}.Debug|Any CPU.ActiveCfg = Debug|Any CPU
		{3FC2D265-F8CA-4486-BFBA-A7B4CE733A68}.Debug|Any CPU.Build.0 = Debug|Any CPU
		{3FC2D265-F8CA-4486-BFBA-A7B4CE733A68}.Debug|x64.ActiveCfg = Debug|Any CPU
		{3FC2D265-F8CA-4486-BFBA-A7B4CE733A68}.Debug|x64.Build.0 = Debug|Any CPU
		{3FC2D265-F8CA-4486-BFBA-A7B4CE733A68}.Debug|x86.ActiveCfg = Debug|Any CPU
		{3FC2D265-F8CA-4486-BFBA-A7B4CE733A68}.Debug|x86.Build.0 = Debug|Any CPU
		{3FC2D265-F8CA-4486-BFBA-A7B4CE733A68}.Release|Any CPU.ActiveCfg = Release|Any CPU
		{3FC2D265-F8CA-4486-BFBA-A7B4CE733A68}.Release|Any CPU.Build.0 = Release|Any CPU
		{3FC2D265-F8CA-4486-BFBA-A7B4CE733A68}.Release|x64.ActiveCfg = Release|Any CPU
		{3FC2D265-F8CA-4486-BFBA-A7B4CE733A68}.Release|x64.Build.0 = Release|Any CPU
		{3FC2D265-F8CA-4486-BFBA-A7B4CE733A68}.Release|x86.ActiveCfg = Release|Any CPU
		{3FC2D265-F8CA-4486-BFBA-A7B4CE733A68}.Release|x86.Build.0 = Release|Any CPU
		{E4F6FD37-4447-4052-805B-F0FE17B5ECAF}.Debug|Any CPU.ActiveCfg = Debug|Any CPU
		{E4F6FD37-4447-4052-805B-F0FE17B5ECAF}.Debug|Any CPU.Build.0 = Debug|Any CPU
		{E4F6FD37-4447-4052-805B-F0FE17B5ECAF}.Debug|x64.ActiveCfg = Debug|Any CPU
		{E4F6FD37-4447-4052-805B-F0FE17B5ECAF}.Debug|x64.Build.0 = Debug|Any CPU
		{E4F6FD37-4447-4052-805B-F0FE17B5ECAF}.Debug|x86.ActiveCfg = Debug|Any CPU
		{E4F6FD37-4447-4052-805B-F0FE17B5ECAF}.Debug|x86.Build.0 = Debug|Any CPU
		{E4F6FD37-4447-4052-805B-F0FE17B5ECAF}.Release|Any CPU.ActiveCfg = Release|Any CPU
		{E4F6FD37-4447-4052-805B-F0FE17B5ECAF}.Release|Any CPU.Build.0 = Release|Any CPU
		{E4F6FD37-4447-4052-805B-F0FE17B5ECAF}.Release|x64.ActiveCfg = Release|Any CPU
		{E4F6FD37-4447-4052-805B-F0FE17B5ECAF}.Release|x64.Build.0 = Release|Any CPU
		{E4F6FD37-4447-4052-805B-F0FE17B5ECAF}.Release|x86.ActiveCfg = Release|Any CPU
		{E4F6FD37-4447-4052-805B-F0FE17B5ECAF}.Release|x86.Build.0 = Release|Any CPU
		{9E5271F8-EA2B-471C-BA24-7BA9A4C8D32D}.Debug|Any CPU.ActiveCfg = Debug|Any CPU
		{9E5271F8-EA2B-471C-BA24-7BA9A4C8D32D}.Debug|Any CPU.Build.0 = Debug|Any CPU
		{9E5271F8-EA2B-471C-BA24-7BA9A4C8D32D}.Debug|x64.ActiveCfg = Debug|Any CPU
		{9E5271F8-EA2B-471C-BA24-7BA9A4C8D32D}.Debug|x64.Build.0 = Debug|Any CPU
		{9E5271F8-EA2B-471C-BA24-7BA9A4C8D32D}.Debug|x86.ActiveCfg = Debug|Any CPU
		{9E5271F8-EA2B-471C-BA24-7BA9A4C8D32D}.Debug|x86.Build.0 = Debug|Any CPU
		{9E5271F8-EA2B-471C-BA24-7BA9A4C8D32D}.Release|Any CPU.ActiveCfg = Release|Any CPU
		{9E5271F8-EA2B-471C-BA24-7BA9A4C8D32D}.Release|Any CPU.Build.0 = Release|Any CPU
		{9E5271F8-EA2B-471C-BA24-7BA9A4C8D32D}.Release|x64.ActiveCfg = Release|Any CPU
		{9E5271F8-EA2B-471C-BA24-7BA9A4C8D32D}.Release|x64.Build.0 = Release|Any CPU
		{9E5271F8-EA2B-471C-BA24-7BA9A4C8D32D}.Release|x86.ActiveCfg = Release|Any CPU
		{9E5271F8-EA2B-471C-BA24-7BA9A4C8D32D}.Release|x86.Build.0 = Release|Any CPU
		{E0087BC7-FC25-4E74-867B-63A076E706E6}.Debug|Any CPU.ActiveCfg = Debug|Any CPU
		{E0087BC7-FC25-4E74-867B-63A076E706E6}.Debug|Any CPU.Build.0 = Debug|Any CPU
		{E0087BC7-FC25-4E74-867B-63A076E706E6}.Debug|x64.ActiveCfg = Debug|Any CPU
		{E0087BC7-FC25-4E74-867B-63A076E706E6}.Debug|x64.Build.0 = Debug|Any CPU
		{E0087BC7-FC25-4E74-867B-63A076E706E6}.Debug|x86.ActiveCfg = Debug|Any CPU
		{E0087BC7-FC25-4E74-867B-63A076E706E6}.Debug|x86.Build.0 = Debug|Any CPU
		{E0087BC7-FC25-4E74-867B-63A076E706E6}.Release|Any CPU.ActiveCfg = Release|Any CPU
		{E0087BC7-FC25-4E74-867B-63A076E706E6}.Release|Any CPU.Build.0 = Release|Any CPU
		{E0087BC7-FC25-4E74-867B-63A076E706E6}.Release|x64.ActiveCfg = Release|Any CPU
		{E0087BC7-FC25-4E74-867B-63A076E706E6}.Release|x64.Build.0 = Release|Any CPU
		{E0087BC7-FC25-4E74-867B-63A076E706E6}.Release|x86.ActiveCfg = Release|Any CPU
		{E0087BC7-FC25-4E74-867B-63A076E706E6}.Release|x86.Build.0 = Release|Any CPU
		{0BE9F83B-36D3-45E5-B4C8-0326892654F3}.Debug|Any CPU.ActiveCfg = Debug|Any CPU
		{0BE9F83B-36D3-45E5-B4C8-0326892654F3}.Debug|Any CPU.Build.0 = Debug|Any CPU
		{0BE9F83B-36D3-45E5-B4C8-0326892654F3}.Debug|x64.ActiveCfg = Debug|Any CPU
		{0BE9F83B-36D3-45E5-B4C8-0326892654F3}.Debug|x64.Build.0 = Debug|Any CPU
		{0BE9F83B-36D3-45E5-B4C8-0326892654F3}.Debug|x86.ActiveCfg = Debug|Any CPU
		{0BE9F83B-36D3-45E5-B4C8-0326892654F3}.Debug|x86.Build.0 = Debug|Any CPU
		{0BE9F83B-36D3-45E5-B4C8-0326892654F3}.Release|Any CPU.ActiveCfg = Release|Any CPU
		{0BE9F83B-36D3-45E5-B4C8-0326892654F3}.Release|Any CPU.Build.0 = Release|Any CPU
		{0BE9F83B-36D3-45E5-B4C8-0326892654F3}.Release|x64.ActiveCfg = Release|Any CPU
		{0BE9F83B-36D3-45E5-B4C8-0326892654F3}.Release|x64.Build.0 = Release|Any CPU
		{0BE9F83B-36D3-45E5-B4C8-0326892654F3}.Release|x86.ActiveCfg = Release|Any CPU
		{0BE9F83B-36D3-45E5-B4C8-0326892654F3}.Release|x86.Build.0 = Release|Any CPU
	EndGlobalSection
	GlobalSection(SolutionProperties) = preSolution
		HideSolutionNode = FALSE
	EndGlobalSection
	GlobalSection(NestedProjects) = preSolution
		{E4F6FD37-4447-4052-805B-F0FE17B5ECAF} = {374D17B2-E80C-4CB0-9505-0BDB2E3C6478}
		{9E5271F8-EA2B-471C-BA24-7BA9A4C8D32D} = {374D17B2-E80C-4CB0-9505-0BDB2E3C6478}
		{E0087BC7-FC25-4E74-867B-63A076E706E6} = {4CCFE782-2465-4866-AA2E-04AEFC740F8B}
		{0BE9F83B-36D3-45E5-B4C8-0326892654F3} = {4CCFE782-2465-4866-AA2E-04AEFC740F8B}
	EndGlobalSection
EndGlobal
